<?xml version="1.0" encoding="utf-8"?>
<Project ToolsVersion="4.0" xmlns="http://schemas.microsoft.com/developer/msbuild/2003">
  <ItemGroup>
    <Filter Include="소스 파일">
      <UniqueIdentifier>{4FC737F1-C7A5-4376-A066-2A32D752A2FF}</UniqueIdentifier>
      <Extensions>cpp;c;cc;cxx;c++;cppm;ixx;def;odl;idl;hpj;bat;asm;asmx</Extensions>
    </Filter>
    <Filter Include="헤더 파일">
      <UniqueIdentifier>{93995380-89BD-4b04-88EB-625FBE52EBFB}</UniqueIdentifier>
      <Extensions>h;hh;hpp;hxx;h++;hm;inl;inc;ipp;xsd</Extensions>
    </Filter>
    <Filter Include="리소스 파일">
      <UniqueIdentifier>{67DA6AB6-F800-4c08-8B7A-83BB121AAD01}</UniqueIdentifier>
      <Extensions>rc;ico;cur;bmp;dlg;rc2;rct;bin;rgs;gif;jpg;jpeg;jpe;resx;tiff;tif;png;wav;mfcribbon-ms</Extensions>
    </Filter>
    <Filter Include="00. Engine">
      <UniqueIdentifier>{b8bffdda-374a-49dd-8617-498a92830ad9}</UniqueIdentifier>
    </Filter>
    <Filter Include="00. Engine\Manager">
      <UniqueIdentifier>{3310b4f5-172c-4bb0-b36d-dd86fb27a1c3}</UniqueIdentifier>
    </Filter>
    <Filter Include="00. Engine\Core">
      <UniqueIdentifier>{aac9f552-51ed-4ef8-b678-d8a27102a458}</UniqueIdentifier>
    </Filter>
    <Filter Include="01. Object">
      <UniqueIdentifier>{472dfd39-cbb1-4338-9dde-04c018ac5783}</UniqueIdentifier>
    </Filter>
    <Filter Include="01. Object\Map">
      <UniqueIdentifier>{bec2598f-fb21-4e5e-9506-3d62e3d9c48f}</UniqueIdentifier>
    </Filter>
    <Filter Include="01. Object\Entity">
      <UniqueIdentifier>{b96cb93c-e238-4a99-a662-37ae1d762fb7}</UniqueIdentifier>
    </Filter>
    <Filter Include="02. Utill">
      <UniqueIdentifier>{9814f8c6-cc6c-4159-9ec3-6ebe24840dc1}</UniqueIdentifier>
    </Filter>
    <Filter Include="03. Scene">
      <UniqueIdentifier>{444b87cf-0b7f-445c-9110-08aa6c56e3bf}</UniqueIdentifier>
    </Filter>
    <Filter Include="03. Scene\00. Main">
      <UniqueIdentifier>{a01e4b03-c513-43ea-82d1-9da4e0068a9f}</UniqueIdentifier>
    </Filter>
    <Filter Include="03. Scene\01. MapNode">
      <UniqueIdentifier>{3e991a57-37cb-4d0b-b235-f9d9b8555df6}</UniqueIdentifier>
    </Filter>
    <Filter Include="01. Object\Skill">
      <UniqueIdentifier>{55b1dee7-9e76-4430-80b2-5fe8c07b9a30}</UniqueIdentifier>
    </Filter>
    <Filter Include="01. Object\Battle">
      <UniqueIdentifier>{ebfab17a-edfd-4001-8da6-fe6451b81b6f}</UniqueIdentifier>
    </Filter>
    <Filter Include="04. UI">
      <UniqueIdentifier>{94d3aae4-1a6e-45b4-9183-3e87582251a6}</UniqueIdentifier>
    </Filter>
    <Filter Include="04. UI\BattleUI">
      <UniqueIdentifier>{b5206aae-9878-4b9f-9b5a-f491eb157e09}</UniqueIdentifier>
    </Filter>
    <Filter Include="03. Scene\02. Option">
      <UniqueIdentifier>{ab7857a4-032d-47d3-ada3-17da02c2c4f1}</UniqueIdentifier>
    </Filter>
  </ItemGroup>
  <ItemGroup>
    <ClCompile Include="NoWeeniesAllowed.c">
      <Filter>소스 파일</Filter>
    </ClCompile>
  </ItemGroup>
  <ItemGroup>
    <ClInclude Include="framework.h">
      <Filter>헤더 파일</Filter>
    </ClInclude>
    <ClInclude Include="MapManager.h">
      <Filter>00. Engine\Manager</Filter>
    </ClInclude>
    <ClInclude Include="MapGenerator.h">
      <Filter>01. Object\Map</Filter>
    </ClInclude>
    <ClInclude Include="Enemy.h">
      <Filter>01. Object\Entity</Filter>
    </ClInclude>
    <ClInclude Include="MapFunc.h">
      <Filter>01. Object\Map</Filter>
    </ClInclude>
    <ClInclude Include="struct.h">
      <Filter>02. Utill</Filter>
    </ClInclude>
    <ClInclude Include="Core.h">
      <Filter>00. Engine\Core</Filter>
    </ClInclude>
    <ClInclude Include="SceneManager.h">
      <Filter>00. Engine\Manager</Filter>
    </ClInclude>
    <ClInclude Include="MainScene.h">
      <Filter>03. Scene\00. Main</Filter>
    </ClInclude>
    <ClInclude Include="BattleScene.h">
      <Filter>03. Scene\01. MapNode</Filter>
    </ClInclude>
    <ClInclude Include="BossBattleScene.h">
      <Filter>03. Scene\01. MapNode</Filter>
    </ClInclude>
    <ClInclude Include="Scene.h">
      <Filter>03. Scene</Filter>
    </ClInclude>
    <ClInclude Include="WFunc.h">
      <Filter>02. Utill</Filter>
    </ClInclude>
    <ClInclude Include="RewardScene.h">
      <Filter>03. Scene\01. MapNode</Filter>
    </ClInclude>
    <ClInclude Include="TrapScene.h">
      <Filter>03. Scene\01. MapNode</Filter>
    </ClInclude>
    <ClInclude Include="Player.h">
      <Filter>01. Object\Entity</Filter>
    </ClInclude>
    <ClInclude Include="GameManager.h">
      <Filter>00. Engine\Manager</Filter>
    </ClInclude>
    <ClInclude Include="Skill.h">
      <Filter>01. Object\Skill</Filter>
    </ClInclude>
    <ClInclude Include="Battle.h">
      <Filter>01. Object\Battle</Filter>
    </ClInclude>
    <ClInclude Include="BattleUI.h">
      <Filter>04. UI\BattleUI</Filter>
    </ClInclude>
    <ClInclude Include="UIManager.h">
      <Filter>00. Engine\Manager</Filter>
    </ClInclude>
    <ClInclude Include="UI.h">
      <Filter>04. UI</Filter>
    </ClInclude>
    <ClInclude Include="BattleManager.h">
      <Filter>00. Engine\Manager</Filter>
    </ClInclude>
    <ClInclude Include="MapScene.h">
      <Filter>03. Scene\01. MapNode</Filter>
    </ClInclude>
    <ClInclude Include="OptionScene.h">
      <Filter>03. Scene\02. Option</Filter>
    </ClInclude>
  </ItemGroup>
</Project>